
Microsoft Visual Studio Solution File, Format Version 12.00
# Visual Studio Version 17
VisualStudioVersion = 17.0.31903.59
MinimumVisualStudioVersion = 10.0.40219.1
Project("{2150E333-8FDC-42A3-9474-1A3956D46DE8}") = "src", "src", "{F59C7BB5-480E-45AF-88B4-9280FD13901A}"
EndProject
Project("{FAE04EC0-301F-11D3-BF4B-00C04F79EFBC}") = "AuctionService", "src\AuctionService\AuctionService.csproj", "{0AE8BCF2-DA3E-46BE-B3DF-CBB13438B06C}"
EndProject
Project("{FAE04EC0-301F-11D3-BF4B-00C04F79EFBC}") = "SearchService", "src\SearchService\SearchService.csproj", "{762D42D7-4768-46FB-BFA1-42C4C2F21CE6}"
EndProject
Project("{FAE04EC0-301F-11D3-BF4B-00C04F79EFBC}") = "Contracts", "src\Contracts\Contracts.csproj", "{6653007D-FDD9-4E57-B35D-85490E022EBE}"
EndProject
Project("{FAE04EC0-301F-11D3-BF4B-00C04F79EFBC}") = "IdentityService", "src\IdentityService\IdentityService.csproj", "{19629479-EAFF-4A60-95F7-B0C8989D201F}"
EndProject
Project("{FAE04EC0-301F-11D3-BF4B-00C04F79EFBC}") = "GatewayService", "src\GatewayService\GatewayService.csproj", "{F31E5CCD-A909-4F1A-A519-9A43A7A7A409}"
EndProject
Project("{FAE04EC0-301F-11D3-BF4B-00C04F79EFBC}") = "BiddingService", "src\BiddingService\BiddingService.csproj", "{BB8340EC-EBF2-4160-8DA4-C3E7B48A9BD5}"
EndProject
Project("{FAE04EC0-301F-11D3-BF4B-00C04F79EFBC}") = "NotificationService", "src\NotificationService\NotificationService.csproj", "{0391E9BD-017B-49E2-BD8F-631A6EF43FD3}"
EndProject
Global
	GlobalSection(SolutionConfigurationPlatforms) = preSolution
		Debug|Any CPU = Debug|Any CPU
		Release|Any CPU = Release|Any CPU
	EndGlobalSection
	GlobalSection(SolutionProperties) = preSolution
		HideSolutionNode = FALSE
	EndGlobalSection
	GlobalSection(ProjectConfigurationPlatforms) = postSolution
		{0AE8BCF2-DA3E-46BE-B3DF-CBB13438B06C}.Debug|Any CPU.ActiveCfg = Debug|Any CPU
		{0AE8BCF2-DA3E-46BE-B3DF-CBB13438B06C}.Debug|Any CPU.Build.0 = Debug|Any CPU
		{0AE8BCF2-DA3E-46BE-B3DF-CBB13438B06C}.Release|Any CPU.ActiveCfg = Release|Any CPU
		{0AE8BCF2-DA3E-46BE-B3DF-CBB13438B06C}.Release|Any CPU.Build.0 = Release|Any CPU
		{762D42D7-4768-46FB-BFA1-42C4C2F21CE6}.Debug|Any CPU.ActiveCfg = Debug|Any CPU
		{762D42D7-4768-46FB-BFA1-42C4C2F21CE6}.Debug|Any CPU.Build.0 = Debug|Any CPU
		{762D42D7-4768-46FB-BFA1-42C4C2F21CE6}.Release|Any CPU.ActiveCfg = Release|Any CPU
		{762D42D7-4768-46FB-BFA1-42C4C2F21CE6}.Release|Any CPU.Build.0 = Release|Any CPU
		{6653007D-FDD9-4E57-B35D-85490E022EBE}.Debug|Any CPU.ActiveCfg = Debug|Any CPU
		{6653007D-FDD9-4E57-B35D-85490E022EBE}.Debug|Any CPU.Build.0 = Debug|Any CPU
		{6653007D-FDD9-4E57-B35D-85490E022EBE}.Release|Any CPU.ActiveCfg = Release|Any CPU
		{6653007D-FDD9-4E57-B35D-85490E022EBE}.Release|Any CPU.Build.0 = Release|Any CPU
		{19629479-EAFF-4A60-95F7-B0C8989D201F}.Debug|Any CPU.ActiveCfg = Debug|Any CPU
		{19629479-EAFF-4A60-95F7-B0C8989D201F}.Debug|Any CPU.Build.0 = Debug|Any CPU
		{19629479-EAFF-4A60-95F7-B0C8989D201F}.Release|Any CPU.ActiveCfg = Release|Any CPU
		{19629479-EAFF-4A60-95F7-B0C8989D201F}.Release|Any CPU.Build.0 = Release|Any CPU
		{F31E5CCD-A909-4F1A-A519-9A43A7A7A409}.Debug|Any CPU.ActiveCfg = Debug|Any CPU
		{F31E5CCD-A909-4F1A-A519-9A43A7A7A409}.Debug|Any CPU.Build.0 = Debug|Any CPU
		{F31E5CCD-A909-4F1A-A519-9A43A7A7A409}.Release|Any CPU.ActiveCfg = Release|Any CPU
		{F31E5CCD-A909-4F1A-A519-9A43A7A7A409}.Release|Any CPU.Build.0 = Release|Any CPU
		{BB8340EC-EBF2-4160-8DA4-C3E7B48A9BD5}.Debug|Any CPU.ActiveCfg = Debug|Any CPU
		{BB8340EC-EBF2-4160-8DA4-C3E7B48A9BD5}.Debug|Any CPU.Build.0 = Debug|Any CPU
		{BB8340EC-EBF2-4160-8DA4-C3E7B48A9BD5}.Release|Any CPU.ActiveCfg = Release|Any CPU
		{BB8340EC-EBF2-4160-8DA4-C3E7B48A9BD5}.Release|Any CPU.Build.0 = Release|Any CPU
		{0391E9BD-017B-49E2-BD8F-631A6EF43FD3}.Debug|Any CPU.ActiveCfg = Debug|Any CPU
		{0391E9BD-017B-49E2-BD8F-631A6EF43FD3}.Debug|Any CPU.Build.0 = Debug|Any CPU
		{0391E9BD-017B-49E2-BD8F-631A6EF43FD3}.Release|Any CPU.ActiveCfg = Release|Any CPU
		{0391E9BD-017B-49E2-BD8F-631A6EF43FD3}.Release|Any CPU.Build.0 = Release|Any CPU
	EndGlobalSection
	GlobalSection(NestedProjects) = preSolution
		{0AE8BCF2-DA3E-46BE-B3DF-CBB13438B06C} = {F59C7BB5-480E-45AF-88B4-9280FD13901A}
		{762D42D7-4768-46FB-BFA1-42C4C2F21CE6} = {F59C7BB5-480E-45AF-88B4-9280FD13901A}
		{6653007D-FDD9-4E57-B35D-85490E022EBE} = {F59C7BB5-480E-45AF-88B4-9280FD13901A}
		{19629479-EAFF-4A60-95F7-B0C8989D201F} = {F59C7BB5-480E-45AF-88B4-9280FD13901A}
		{F31E5CCD-A909-4F1A-A519-9A43A7A7A409} = {F59C7BB5-480E-45AF-88B4-9280FD13901A}
		{BB8340EC-EBF2-4160-8DA4-C3E7B48A9BD5} = {F59C7BB5-480E-45AF-88B4-9280FD13901A}
		{0391E9BD-017B-49E2-BD8F-631A6EF43FD3} = {F59C7BB5-480E-45AF-88B4-9280FD13901A}
	EndGlobalSection
EndGlobal
